
Microsoft Visual Studio Solution File, Format Version 12.00
# Visual Studio 15
VisualStudioVersion = 15.0.27004.2002
MinimumVisualStudioVersion = 10.0.40219.1
Project("{FAE04EC0-301F-11D3-BF4B-00C04F79EFBC}") = "SupplierAndUserWebAPI", "SupplierAndUserWebAPI\SupplierAndUserWebAPI.csproj", "{964B5AD0-ADDC-4AEA-95E8-324247192C76}"
EndProject
Project("{FAE04EC0-301F-11D3-BF4B-00C04F79EFBC}") = "SupplierAndUserWebAPI.Tests", "SupplierAndUserWebAPI.Tests\SupplierAndUserWebAPI.Tests.csproj", "{6B29052A-754D-4707-A428-BFCE20DE3E6A}"
EndProject
Project("{FAE04EC0-301F-11D3-BF4B-00C04F79EFBC}") = "DataAccessLayer", "DataAccessLayer\DataAccessLayer.csproj", "{25F028D8-81BA-45B4-8E4D-A5388D2483D2}"
EndProject
Global
	GlobalSection(SolutionConfigurationPlatforms) = preSolution
		Debug|Any CPU = Debug|Any CPU
		Release|Any CPU = Release|Any CPU
	EndGlobalSection
	GlobalSection(ProjectConfigurationPlatforms) = postSolution
		{964B5AD0-ADDC-4AEA-95E8-324247192C76}.Debug|Any CPU.ActiveCfg = Debug|Any CPU
		{964B5AD0-ADDC-4AEA-95E8-324247192C76}.Debug|Any CPU.Build.0 = Debug|Any CPU
		{964B5AD0-ADDC-4AEA-95E8-324247192C76}.Release|Any CPU.ActiveCfg = Release|Any CPU
		{964B5AD0-ADDC-4AEA-95E8-324247192C76}.Release|Any CPU.Build.0 = Release|Any CPU
		{6B29052A-754D-4707-A428-BFCE20DE3E6A}.Debug|Any CPU.ActiveCfg = Debug|Any CPU
		{6B29052A-754D-4707-A428-BFCE20DE3E6A}.Debug|Any CPU.Build.0 = Debug|Any CPU
		{6B29052A-754D-4707-A428-BFCE20DE3E6A}.Release|Any CPU.ActiveCfg = Release|Any CPU
		{6B29052A-754D-4707-A428-BFCE20DE3E6A}.Release|Any CPU.Build.0 = Release|Any CPU
		{25F028D8-81BA-45B4-8E4D-A5388D2483D2}.Debug|Any CPU.ActiveCfg = Debug|Any CPU
		{25F028D8-81BA-45B4-8E4D-A5388D2483D2}.Debug|Any CPU.Build.0 = Debug|Any CPU
		{25F028D8-81BA-45B4-8E4D-A5388D2483D2}.Release|Any CPU.ActiveCfg = Release|Any CPU
		{25F028D8-81BA-45B4-8E4D-A5388D2483D2}.Release|Any CPU.Build.0 = Release|Any CPU
	EndGlobalSection
	GlobalSection(SolutionProperties) = preSolution
		HideSolutionNode = FALSE
	EndGlobalSection
	GlobalSection(ExtensibilityGlobals) = postSolution
		SolutionGuid = {382FC060-A3B8-4861-9B00-A594E287B860}
	EndGlobalSection
EndGlobal
